// !$*UTF8*$!
{
	archiveVersion = 1;
	classes = {
	};
	objectVersion = 50;
	objects = {

/* Begin PBXBuildFile section */
		600BC29B2339CC0400E6C910 /* IMG_4866.jpeg in Resources */ = {isa = PBXBuildFile; fileRef = 600BC29A2339CC0400E6C910 /* IMG_4866.jpeg */; };
		6058D2D0233A9AB500A2D777 /* 11378.igo in Resources */ = {isa = PBXBuildFile; fileRef = 6058D2CF233A96C500A2D777 /* 11378.igo */; };
		60627B662339C1C0007149EE /* AppDelegate.swift in Sources */ = {isa = PBXBuildFile; fileRef = 60627B652339C1C0007149EE /* AppDelegate.swift */; };
		60627B682339C1C0007149EE /* ViewController.swift in Sources */ = {isa = PBXBuildFile; fileRef = 60627B672339C1C0007149EE /* ViewController.swift */; };
		60627B6B2339C1C0007149EE /* Main.storyboard in Resources */ = {isa = PBXBuildFile; fileRef = 60627B692339C1C0007149EE /* Main.storyboard */; };
		60627B6D2339C1C2007149EE /* Assets.xcassets in Resources */ = {isa = PBXBuildFile; fileRef = 60627B6C2339C1C2007149EE /* Assets.xcassets */; };
		60627B702339C1C2007149EE /* LaunchScreen.storyboard in Resources */ = {isa = PBXBuildFile; fileRef = 60627B6E2339C1C2007149EE /* LaunchScreen.storyboard */; };
		60627B782339C2DD007149EE /* 11378.ig in Resources */ = {isa = PBXBuildFile; fileRef = 60627B772339C1EB007149EE /* 11378.ig */; };
/* End PBXBuildFile section */

/* Begin PBXFileReference section */
		600BC29A2339CC0400E6C910 /* IMG_4866.jpeg */ = {isa = PBXFileReference; lastKnownFileType = image.jpeg; path = IMG_4866.jpeg; sourceTree = "<group>"; };
		6058D2CF233A96C500A2D777 /* 11378.igo */ = {isa = PBXFileReference; lastKnownFileType = file; path = 11378.igo; sourceTree = "<group>"; };
		60627B622339C1C0007149EE /* share12.app */ = {isa = PBXFileReference; explicitFileType = wrapper.application; includeInIndex = 0; path = share12.app; sourceTree = BUILT_PRODUCTS_DIR; };
		60627B652339C1C0007149EE /* AppDelegate.swift */ = {isa = PBXFileReference; lastKnownFileType = sourcecode.swift; path = AppDelegate.swift; sourceTree = "<group>"; };
		60627B672339C1C0007149EE /* ViewController.swift */ = {isa = PBXFileReference; lastKnownFileType = sourcecode.swift; path = ViewController.swift; sourceTree = "<group>"; };
		60627B6A2339C1C0007149EE /* Base */ = {isa = PBXFileReference; lastKnownFileType = file.storyboard; name = Base; path = Base.lproj/Main.storyboard; sourceTree = "<group>"; };
		60627B6C2339C1C2007149EE /* Assets.xcassets */ = {isa = PBXFileReference; lastKnownFileType = folder.assetcatalog; path = Assets.xcassets; sourceTree = "<group>"; };
		60627B6F2339C1C2007149EE /* Base */ = {isa = PBXFileReference; lastKnownFileType = file.storyboard; name = Base; path = Base.lproj/LaunchScreen.storyboard; sourceTree = "<group>"; };
		60627B712339C1C2007149EE /* Info.plist */ = {isa = PBXFileReference; lastKnownFileType = text.plist.xml; path = Info.plist; sourceTree = "<group>"; };
		60627B772339C1EB007149EE /* 11378.ig */ = {isa = PBXFileReference; lastKnownFileType = file; path = 11378.ig; sourceTree = "<group>"; };
/* End PBXFileReference section */

/* Begin PBXFrameworksBuildPhase section */
		60627B5F2339C1C0007149EE /* Frameworks */ = {
			isa = PBXFrameworksBuildPhase;
			buildActionMask = 2147483647;
			files = (
			);
			runOnlyForDeploymentPostprocessing = 0;
		};
/* End PBXFrameworksBuildPhase section */

/* Begin PBXGroup section */
		60627B592339C1C0007149EE = {
			isa = PBXGroup;
			children = (
				60627B642339C1C0007149EE /* share12 */,
				60627B632339C1C0007149EE /* Products */,
			);
			sourceTree = "<group>";
		};
		60627B632339C1C0007149EE /* Products */ = {
			isa = PBXGroup;
			children = (
				60627B622339C1C0007149EE /* share12.app */,
			);
			name = Products;
			sourceTree = "<group>";
		};
		60627B642339C1C0007149EE /* share12 */ = {
			isa = PBXGroup;
			children = (
				60627B652339C1C0007149EE /* AppDelegate.swift */,
				60627B672339C1C0007149EE /* ViewController.swift */,
				60627B692339C1C0007149EE /* Main.storyboard */,
				60627B6C2339C1C2007149EE /* Assets.xcassets */,
				60627B6E2339C1C2007149EE /* LaunchScreen.storyboard */,
				600BC29A2339CC0400E6C910 /* IMG_4866.jpeg */,
				60627B772339C1EB007149EE /* 11378.ig */,
				6058D2CF233A96C500A2D777 /* 11378.igo */,
				60627B712339C1C2007149EE /* Info.plist */,
			);
			path = share12;
			sourceTree = "<group>";
		};
/* End PBXGroup section */

/* Begin PBXNativeTarget section */
		60627B612339C1C0007149EE /* share12 */ = {
			isa = PBXNativeTarget;
			buildConfigurationList = 60627B742339C1C2007149EE /* Build configuration list for PBXNativeTarget "share12" */;
			buildPhases = (
				60627B5E2339C1C0007149EE /* Sources */,
				60627B5F2339C1C0007149EE /* Frameworks */,
				60627B602339C1C0007149EE /* Resources */,
			);
			buildRules = (
			);
			dependencies = (
			);
			name = share12;
			productName = share12;
			productReference = 60627B622339C1C0007149EE /* share12.app */;
			productType = "com.apple.product-type.application";
		};
/* End PBXNativeTarget section */

/* Begin PBXProject section */
		60627B5A2339C1C0007149EE /* Project object */ = {
			isa = PBXProject;
			attributes = {
				LastSwiftUpdateCheck = 1030;
				LastUpgradeCheck = 1030;
				ORGANIZATIONNAME = "Steven Masuch";
				TargetAttributes = {
					60627B612339C1C0007149EE = {
						CreatedOnToolsVersion = 10.3;
					};
				};
			};
			buildConfigurationList = 60627B5D2339C1C0007149EE /* Build configuration list for PBXProject "share12" */;
			compatibilityVersion = "Xcode 9.3";
			developmentRegion = en;
			hasScannedForEncodings = 0;
			knownRegions = (
				en,
				Base,
			);
			mainGroup = 60627B592339C1C0007149EE;
			productRefGroup = 60627B632339C1C0007149EE /* Products */;
			projectDirPath = "";
			projectRoot = "";
			targets = (
				60627B612339C1C0007149EE /* share12 */,
			);
		};
/* End PBXProject section */

/* Begin PBXResourcesBuildPhase section */
		60627B602339C1C0007149EE /* Resources */ = {
			isa = PBXResourcesBuildPhase;
			buildActionMask = 2147483647;
			files = (
				60627B702339C1C2007149EE /* LaunchScreen.storyboard in Resources */,
				60627B6D2339C1C2007149EE /* Assets.xcassets in Resources */,
				6058D2D0233A9AB500A2D777 /* 11378.igo in Resources */,
				60627B782339C2DD007149EE /* 11378.ig in Resources */,
				600BC29B2339CC0400E6C910 /* IMG_4866.jpeg in Resources */,
				60627B6B2339C1C0007149EE /* Main.storyboard in Resources */,
			);
			runOnlyForDeploymentPostprocessing = 0;
		};
/* End PBXResourcesBuildPhase section */

/* Begin PBXSourcesBuildPhase section */
		60627B5E2339C1C0007149EE /* Sources */ = {
			isa = PBXSourcesBuildPhase;
			buildActionMask = 2147483647;
			files = (
				60627B682339C1C0007149EE /* ViewController.swift in Sources */,
				60627B662339C1C0007149EE /* AppDelegate.swift in Sources */,
			);
			runOnlyForDeploymentPostprocessing = 0;
		};
/* End PBXSourcesBuildPhase section */

/* Begin PBXVariantGroup section */
		60627B692339C1C0007149EE /* Main.storyboard */ = {
			isa = PBXVariantGroup;
			children = (
				60627B6A2339C1C0007149EE /* Base */,
			);
			name = Main.storyboard;
			sourceTree = "<group>";
		};
		60627B6E2339C1C2007149EE /* LaunchScreen.storyboard */ = {
			isa = PBXVariantGroup;
			children = (
				60627B6F2339C1C2007149EE /* Base */,
			);
			name = LaunchScreen.storyboard;
			sourceTree = "<group>";
		};
/* End PBXVariantGroup section */

/* Begin XCBuildConfiguration section */
		60627B722339C1C2007149EE /* Debug */ = {
			isa = XCBuildConfiguration;
			buildSettings = {
				ALWAYS_SEARCH_USER_PATHS = NO;
				CLANG_ANALYZER_NONNULL = YES;
				CLANG_ANALYZER_NUMBER_OBJECT_CONVERSION = YES_AGGRESSIVE;
				CLANG_CXX_LANGUAGE_STANDARD = "gnu++14";
				CLANG_CXX_LIBRARY = "libc++";
				CLANG_ENABLE_MODULES = YES;
				CLANG_ENABLE_OBJC_ARC = YES;
				CLANG_ENABLE_OBJC_WEAK = YES;
				CLANG_WARN_BLOCK_CAPTURE_AUTORELEASING = YES;
				CLANG_WARN_BOOL_CONVERSION = YES;
				CLANG_WARN_COMMA = YES;
				CLANG_WARN_CONSTANT_CONVERSION = YES;
				CLANG_WARN_DEPRECATED_OBJC_IMPLEMENTATIONS = YES;
				CLANG_WARN_DIRECT_OBJC_ISA_USAGE = YES_ERROR;
				CLANG_WARN_DOCUMENTATION_COMMENTS = YES;
				CLANG_WARN_EMPTY_BODY = YES;
				CLANG_WARN_ENUM_CONVERSION = YES;
				CLANG_WARN_INFINITE_RECURSION = YES;
				CLANG_WARN_INT_CONVERSION = YES;
				CLANG_WARN_NON_LITERAL_NULL_CONVERSION = YES;
				CLANG_WARN_OBJC_IMPLICIT_RETAIN_SELF = YES;
				CLANG_WARN_OBJC_LITERAL_CONVERSION = YES;
				CLANG_WARN_OBJC_ROOT_CLASS = YES_ERROR;
				CLANG_WARN_RANGE_LOOP_ANALYSIS = YES;
				CLANG_WARN_STRICT_PROTOTYPES = YES;
				CLANG_WARN_SUSPICIOUS_MOVE = YES;
				CLANG_WARN_UNGUARDED_AVAILABILITY = YES_AGGRESSIVE;
				CLANG_WARN_UNREACHABLE_CODE = YES;
				CLANG_WARN__DUPLICATE_METHOD_MATCH = YES;
				CODE_SIGN_IDENTITY = "iPhone Developer";
				COPY_PHASE_STRIP = NO;
				DEBUG_INFORMATION_FORMAT = dwarf;
				ENABLE_STRICT_OBJC_MSGSEND = YES;
				ENABLE_TESTABILITY = YES;
				GCC_C_LANGUAGE_STANDARD = gnu11;
				GCC_DYNAMIC_NO_PIC = NO;
				GCC_NO_COMMON_BLOCKS = YES;
				GCC_OPTIMIZATION_LEVEL = 0;
				GCC_PREPROCESSOR_DEFINITIONS = (
					"DEBUG=1",
					"$(inherited)",
				);
				GCC_WARN_64_TO_32_BIT_CONVERSION = YES;
				GCC_WARN_ABOUT_RETURN_TYPE = YES_ERROR;
				GCC_WARN_UNDECLARED_SELECTOR = YES;
				GCC_WARN_UNINITIALIZED_AUTOS = YES_AGGRESSIVE;
				GCC_WARN_UNUSED_FUNCTION = YES;
				GCC_WARN_UNUSED_VARIABLE = YES;
				IPHONEOS_DEPLOYMENT_TARGET = 12.4;
				MTL_ENABLE_DEBUG_INFO = INCLUDE_SOURCE;
				MTL_FAST_MATH = YES;
				ONLY_ACTIVE_ARCH = YES;
				SDKROOT = iphoneos;
				SWIFT_ACTIVE_COMPILATION_CONDITIONS = DEBUG;
				SWIFT_OPTIMIZATION_LEVEL = "-Onone";
			};
			name = Debug;
		};
		60627B732339C1C2007149EE /* Release */ = {
			isa = XCBuildConfiguration;
			buildSettings = {
				ALWAYS_SEARCH_USER_PATHS = NO;
				CLANG_ANALYZER_NONNULL = YES;
				CLANG_ANALYZER_NUMBER_OBJECT_CONVERSION = YES_AGGRESSIVE;
				CLANG_CXX_LANGUAGE_STANDARD = "gnu++14";
				CLANG_CXX_LIBRARY = "libc++";
				CLANG_ENABLE_MODULES = YES;
				CLANG_ENABLE_OBJC_ARC = YES;
				CLANG_ENABLE_OBJC_WEAK = YES;
				CLANG_WARN_BLOCK_CAPTURE_AUTORELEASING = YES;
				CLANG_WARN_BOOL_CONVERSION = YES;
				CLANG_WARN_COMMA = YES;
				CLANG_WARN_CONSTANT_CONVERSION = YES;
				CLANG_WARN_DEPRECATED_OBJC_IMPLEMENTATIONS = YES;
				CLANG_WARN_DIRECT_OBJC_ISA_USAGE = YES_ERROR;
				CLANG_WARN_DOCUMENTATION_COMMENTS = YES;
				CLANG_WARN_EMPTY_BODY = YES;
				CLANG_WARN_ENUM_CONVERSION = YES;
				CLANG_WARN_INFINITE_RECURSION = YES;
				CLANG_WARN_INT_CONVERSION = YES;
				CLANG_WARN_NON_LITERAL_NULL_CONVERSION = YES;
				CLANG_WARN_OBJC_IMPLICIT_RETAIN_SELF = YES;
				CLANG_WARN_OBJC_LITERAL_CONVERSION = YES;
				CLANG_WARN_OBJC_ROOT_CLASS = YES_ERROR;
				CLANG_WARN_RANGE_LOOP_ANALYSIS = YES;
				CLANG_WARN_STRICT_PROTOTYPES = YES;
				CLANG_WARN_SUSPICIOUS_MOVE = YES;
				CLANG_WARN_UNGUARDED_AVAILABILITY = YES_AGGRESSIVE;
				CLANG_WARN_UNREACHABLE_CODE = YES;
				CLANG_WARN__DUPLICATE_METHOD_MATCH = YES;
				CODE_SIGN_IDENTITY = "iPhone Developer";
				COPY_PHASE_STRIP = NO;
				DEBUG_INFORMATION_FORMAT = "dwarf-with-dsym";
				ENABLE_NS_ASSERTIONS = NO;
				ENABLE_STRICT_OBJC_MSGSEND = YES;
				GCC_C_LANGUAGE_STANDARD = gnu11;
				GCC_NO_COMMON_BLOCKS = YES;
				GCC_WARN_64_TO_32_BIT_CONVERSION = YES;
				GCC_WARN_ABOUT_RETURN_TYPE = YES_ERROR;
				GCC_WARN_UNDECLARED_SELECTOR = YES;
				GCC_WARN_UNINITIALIZED_AUTOS = YES_AGGRESSIVE;
				GCC_WARN_UNUSED_FUNCTION = YES;
				GCC_WARN_UNUSED_VARIABLE = YES;
				IPHONEOS_DEPLOYMENT_TARGET = 12.4;
				MTL_ENABLE_DEBUG_INFO = NO;
				MTL_FAST_MATH = YES;
				SDKROOT = iphoneos;
				SWIFT_COMPILATION_MODE = wholemodule;
				SWIFT_OPTIMIZATION_LEVEL = "-O";
				VALIDATE_PRODUCT = YES;
			};
			name = Release;
		};
		60627B752339C1C2007149EE /* Debug */ = {
			isa = XCBuildConfiguration;
			buildSettings = {
				ASSETCATALOG_COMPILER_APPICON_NAME = AppIcon;
				CODE_SIGN_STYLE = Automatic;
				DEVELOPMENT_TEAM = 4Q69K9367Q;
				INFOPLIST_FILE = share12/Info.plist;
				LD_RUNPATH_SEARCH_PATHS = (
					"$(inherited)",
					"@executable_path/Frameworks",
				);
				PRODUCT_BUNDLE_IDENTIFIER = zanopan.share12;
				PRODUCT_NAME = "$(TARGET_NAME)";
				SWIFT_VERSION = 5.0;
				TARGETED_DEVICE_FAMILY = "1,2";
			};
			name = Debug;
		};
		60627B762339C1C2007149EE /* Release */ = {
			isa = XCBuildConfiguration;
			buildSettings = {
				ASSETCATALOG_COMPILER_APPICON_NAME = AppIcon;
				CODE_SIGN_STYLE = Automatic;
				DEVELOPMENT_TEAM = 4Q69K9367Q;
				INFOPLIST_FILE = share12/Info.plist;
				LD_RUNPATH_SEARCH_PATHS = (
					"$(inherited)",
					"@executable_path/Frameworks",
				);
				PRODUCT_BUNDLE_IDENTIFIER = zanopan.share12;
				PRODUCT_NAME = "$(TARGET_NAME)";
				SWIFT_VERSION = 5.0;
				TARGETED_DEVICE_FAMILY = "1,2";
			};
			name = Release;
		};
/* End XCBuildConfiguration section */

/* Begin XCConfigurationList section */
		60627B5D2339C1C0007149EE /* Build configuration list for PBXProject "share12" */ = {
			isa = XCConfigurationList;
			buildConfigurations = (
				60627B722339C1C2007149EE /* Debug */,
				60627B732339C1C2007149EE /* Release */,
			);
			defaultConfigurationIsVisible = 0;
			defaultConfigurationName = Release;
		};
		60627B742339C1C2007149EE /* Build configuration list for PBXNativeTarget "share12" */ = {
			isa = XCConfigurationList;
			buildConfigurations = (
				60627B752339C1C2007149EE /* Debug */,
				60627B762339C1C2007149EE /* Release */,
			);
			defaultConfigurationIsVisible = 0;
			defaultConfigurationName = Release;
		};
/* End XCConfigurationList section */
	};
	rootObject = 60627B5A2339C1C0007149EE /* Project object */;
}
